{
  "requires": true,
  "lockfileVersion": 1,
  "dependencies": {
    "@types/parse5": {
      "version": "5.0.3",
      "resolved": "https://registry.npmjs.org/@types/parse5/-/parse5-5.0.3.tgz",
      "integrity": "sha512-kUNnecmtkunAoQ3CnjmMkzNU/gtxG8guhi+Fk2U/kOpIKjIMKnXGp4IJCgQJrXSgMsWYimYG4TGjz/UzbGEBTw=="
    },
    "@types/prismjs": {
      "version": "1.16.2",
      "resolved": "https://registry.npmjs.org/@types/prismjs/-/prismjs-1.16.2.tgz",
      "integrity": "sha512-1M/j21xgTde7RPtpJVQebW5rzrquj7S+wnqt4x9uWrIPpr0Ya/uXypcqC2aUQL5gtLXFCKSH7GnjfAijMdfbuA=="
    },
    "lit-ntml": {
      "version": "2.18.1",
      "resolved": "https://registry.npmjs.org/lit-ntml/-/lit-ntml-2.18.1.tgz",
      "integrity": "sha512-lsUOjQsqE0mQXeLFC2kFkr3WAgu04yG0/I7w0k98fxCBjXV6e5CpZD8bA5AbQStoMxHI3P3H5gOnwxmdYNN/pg==",
      "requires": {
        "parse5": "^6.0.1",
        "tslib": "^2.0.2"
      }
    },
    "nodemod": {
      "version": "2.7.2",
      "resolved": "https://registry.npmjs.org/nodemod/-/nodemod-2.7.2.tgz",
      "integrity": "sha512-+aGsXURjJIiNH0nsphBFw5Bt+4uzmtrNQ3XP3DdeUfYBo+4GMsPbdn1tr/B322R9fy3xZSAakPtEyMCApn/U2Q==",
      "requires": {
        "@types/parse5": "^5.0.2",
        "@types/prismjs": "^1.16.0",
        "lit-ntml": "^2.16.1",
        "normalize-diacritics": "^2.11.1",
        "tslib": "^2.1.0"
      }
    },
    "normalize-diacritics": {
      "version": "2.13.2",
      "resolved": "https://registry.npmjs.org/normalize-diacritics/-/normalize-diacritics-2.13.2.tgz",
      "integrity": "sha512-LZL2gF7eakya7lIIqIHohYMsjLY4udTycCs7+RoLJozhaMSKFK77Mxqy9keb1lLkHiTTyAhoaueDaZQBzAuMkQ=="
    },
    "parse5": {
      "version": "6.0.1",
      "resolved": "https://registry.npmjs.org/parse5/-/parse5-6.0.1.tgz",
      "integrity": "sha512-Ofn/CTFzRGTTxwpNEs9PP93gXShHcTq255nzRYSKe8AkVpZY7e1fpmTfOyoIvjP5HG7Z2ZM7VS9PPhQGW2pOpw=="
    },
    "tslib": {
      "version": "2.1.0",
      "resolved": "https://registry.npmjs.org/tslib/-/tslib-2.1.0.tgz",
      "integrity": "sha512-hcVC3wYEziELGGmEEXue7D75zbwIIVUMWAVbHItGPx0ziyXxrOMQx4rQEVEV45Ut/1IotuEvwqPopzIOkDMf0A=="
    }
  }
}
